PODS:
  - FBSnapshotTestCase (2.1.0):
    - FBSnapshotTestCase/SwiftSupport (= 2.1.0)
  - FBSnapshotTestCase/Core (2.1.0)
  - FBSnapshotTestCase/SwiftSupport (2.1.0):
    - FBSnapshotTestCase/Core
  - IMSingularity_Swift (0.2.1):
    - SwiftR
  - SwiftR (0.10.1)

DEPENDENCIES:
  - FBSnapshotTestCase
  - IMSingularity_Swift (from `../`)

EXTERNAL SOURCES:
  IMSingularity_Swift:
    :path: "../"

SPEC CHECKSUMS:
  FBSnapshotTestCase: 366ecd378511d7716c79991cd8067d1eed23578d
  IMSingularity_Swift: 7762dbbd90e4a578f243c3cb133d9ae10840224d
  SwiftR: e2a7ebb2f85b5467b27975a5df9641849e2689ec

COCOAPODS: 0.39.0
